
Microsoft Visual Studio Solution File, Format Version 12.00
# Visual Studio Version 17
VisualStudioVersion = 17.8.34525.116
MinimumVisualStudioVersion = 10.0.40219.1
Project("{9A19103F-16F7-4668-BE54-9A1E7A4F7556}") = "Menro.Web", "Menro.Web\Menro.Web.csproj", "{DA39038E-4A36-4AD9-A23F-50985041B464}"
EndProject
Project("{9A19103F-16F7-4668-BE54-9A1E7A4F7556}") = "Menro.Application", "Menro.Application\Menro.Application.csproj", "{F0793A2A-A294-4E4B-A72A-665054B6D15E}"
EndProject
Project("{9A19103F-16F7-4668-BE54-9A1E7A4F7556}") = "Menro.Domain", "Menro.Domain\Menro.Domain.csproj", "{806539AC-F860-4B75-BE1E-ABEC4F22418C}"
EndProject
Project("{9A19103F-16F7-4668-BE54-9A1E7A4F7556}") = "Menro.Infrastructure", "Menro.Infrastructure\Menro.Infrastructure.csproj", "{55106CEC-3320-40DC-89A2-054892F41C47}"
EndProject
Project("{2150E333-8FDC-42A3-9474-1A3956D46DE8}") = "Solution Items", "Solution Items", "{F3944BF0-2A65-48E1-90BD-01CF2411B63A}"
	ProjectSection(SolutionItems) = preProject
		railway.toml = railway.toml
	EndProjectSection
EndProject
Global
	GlobalSection(SolutionConfigurationPlatforms) = preSolution
		Debug|Any CPU = Debug|Any CPU
		Release|Any CPU = Release|Any CPU
	EndGlobalSection
	GlobalSection(ProjectConfigurationPlatforms) = postSolution
		{DA39038E-4A36-4AD9-A23F-50985041B464}.Debug|Any CPU.ActiveCfg = Debug|Any CPU
		{DA39038E-4A36-4AD9-A23F-50985041B464}.Debug|Any CPU.Build.0 = Debug|Any CPU
		{DA39038E-4A36-4AD9-A23F-50985041B464}.Release|Any CPU.ActiveCfg = Release|Any CPU
		{DA39038E-4A36-4AD9-A23F-50985041B464}.Release|Any CPU.Build.0 = Release|Any CPU
		{F0793A2A-A294-4E4B-A72A-665054B6D15E}.Debug|Any CPU.ActiveCfg = Debug|Any CPU
		{F0793A2A-A294-4E4B-A72A-665054B6D15E}.Debug|Any CPU.Build.0 = Debug|Any CPU
		{F0793A2A-A294-4E4B-A72A-665054B6D15E}.Release|Any CPU.ActiveCfg = Release|Any CPU
		{F0793A2A-A294-4E4B-A72A-665054B6D15E}.Release|Any CPU.Build.0 = Release|Any CPU
		{806539AC-F860-4B75-BE1E-ABEC4F22418C}.Debug|Any CPU.ActiveCfg = Debug|Any CPU
		{806539AC-F860-4B75-BE1E-ABEC4F22418C}.Debug|Any CPU.Build.0 = Debug|Any CPU
		{806539AC-F860-4B75-BE1E-ABEC4F22418C}.Release|Any CPU.ActiveCfg = Release|Any CPU
		{806539AC-F860-4B75-BE1E-ABEC4F22418C}.Release|Any CPU.Build.0 = Release|Any CPU
		{55106CEC-3320-40DC-89A2-054892F41C47}.Debug|Any CPU.ActiveCfg = Debug|Any CPU
		{55106CEC-3320-40DC-89A2-054892F41C47}.Debug|Any CPU.Build.0 = Debug|Any CPU
		{55106CEC-3320-40DC-89A2-054892F41C47}.Release|Any CPU.ActiveCfg = Release|Any CPU
		{55106CEC-3320-40DC-89A2-054892F41C47}.Release|Any CPU.Build.0 = Release|Any CPU
	EndGlobalSection
	GlobalSection(SolutionProperties) = preSolution
		HideSolutionNode = FALSE
	EndGlobalSection
	GlobalSection(ExtensibilityGlobals) = postSolution
		SolutionGuid = {12BB5454-B3E9-4CF7-8A34-4BF093CB5A28}
	EndGlobalSection
EndGlobal
